
Microsoft Visual Studio Solution File, Format Version 12.00
# Visual Studio Version 16
VisualStudioVersion = 16.0.31025.194
MinimumVisualStudioVersion = 10.0.40219.1
Project("{FAE04EC0-301F-11D3-BF4B-00C04F79EFBC}") = "Program208", "Program208.csproj", "{1598D03C-F7EB-4824-B003-4951F261B534}"
EndProject
Global
	GlobalSection(SolutionConfigurationPlatforms) = preSolution
		Debug|Any CPU = Debug|Any CPU
		Release|Any CPU = Release|Any CPU
	EndGlobalSection
	GlobalSection(ProjectConfigurationPlatforms) = postSolution
		{1598D03C-F7EB-4824-B003-4951F261B534}.Debug|Any CPU.ActiveCfg = Debug|Any CPU
		{1598D03C-F7EB-4824-B003-4951F261B534}.Debug|Any CPU.Build.0 = Debug|Any CPU
		{1598D03C-F7EB-4824-B003-4951F261B534}.Release|Any CPU.ActiveCfg = Release|Any CPU
		{1598D03C-F7EB-4824-B003-4951F261B534}.Release|Any CPU.Build.0 = Release|Any CPU
	EndGlobalSection
	GlobalSection(SolutionProperties) = preSolution
		HideSolutionNode = FALSE
	EndGlobalSection
	GlobalSection(ExtensibilityGlobals) = postSolution
		SolutionGuid = {38EFAA81-BE6D-4090-B186-920CF8506D83}
	EndGlobalSection
EndGlobal
